
Microsoft Visual Studio Solution File, Format Version 12.00
# Visual Studio Version 16
VisualStudioVersion = 16.0.29411.108
MinimumVisualStudioVersion = 10.0.40219.1
Project("{8BC9CEB8-8B4A-11D0-8D11-00A0C91BC942}") = "MatrixInverse", "MatrixInverse.vcxproj", "{274188AF-4AD0-496E-82D6-2DA053FE428A}"
EndProject
Global
	GlobalSection(SolutionConfigurationPlatforms) = preSolution
		Debug|x64 = Debug|x64
		Debug|x86 = Debug|x86
		Release|x64 = Release|x64
		Release|x86 = Release|x86
	EndGlobalSection
	GlobalSection(ProjectConfigurationPlatforms) = postSolution
		{274188AF-4AD0-496E-82D6-2DA053FE428A}.Debug|x64.ActiveCfg = Debug|x64
		{274188AF-4AD0-496E-82D6-2DA053FE428A}.Debug|x64.Build.0 = Debug|x64
		{274188AF-4AD0-496E-82D6-2DA053FE428A}.Debug|x86.ActiveCfg = Debug|Win32
		{274188AF-4AD0-496E-82D6-2DA053FE428A}.Debug|x86.Build.0 = Debug|Win32
		{274188AF-4AD0-496E-82D6-2DA053FE428A}.Release|x64.ActiveCfg = Release|x64
		{274188AF-4AD0-496E-82D6-2DA053FE428A}.Release|x64.Build.0 = Release|x64
		{274188AF-4AD0-496E-82D6-2DA053FE428A}.Release|x86.ActiveCfg = Release|Win32
		{274188AF-4AD0-496E-82D6-2DA053FE428A}.Release|x86.Build.0 = Release|Win32
	EndGlobalSection
	GlobalSection(SolutionProperties) = preSolution
		HideSolutionNode = FALSE
	EndGlobalSection
	GlobalSection(ExtensibilityGlobals) = postSolution
		SolutionGuid = {A9A06D85-9D25-4A75-B7FB-CD3D6D213D1D}
	EndGlobalSection
EndGlobal
